PODS:
  - YuvitalLifeSDK (2.5.1)

DEPENDENCIES:
  - YuvitalLifeSDK (= 2.5.1)

SPEC REPOS:
  https://dl.cloudsmith.io/basic/yuvital/yuvital-life-sdk-production/cocoapods/index.git:
    - YuvitalLifeSDK

SPEC CHECKSUMS:
  YuvitalLifeSDK: 48e7de068c5d77c76fe8acacb7c2bd6b7eb62f23

PODFILE CHECKSUM: 7fc0ba5600cb860ad75d1c41afc5f9ab72e1b4df

COCOAPODS: 1.15.2
